
Microsoft Visual Studio Solution File, Format Version 12.00
# Visual Studio Version 16
VisualStudioVersion = 16.0.810.1
MinimumVisualStudioVersion = 10.0.40219.1
Project("{9A19103F-16F7-4668-BE54-9A1E7A4F7556}") = "MvcExample", "MvcExample\MvcExample.csproj", "{8E80BBD1-C59E-417A-A9EA-BF615003187B}"
EndProject
Project("{9A19103F-16F7-4668-BE54-9A1E7A4F7556}") = "MvcExampleML.Model", "MvcExampleML.Model\MvcExampleML.Model.csproj", "{0491F06B-A138-45F1-8914-DAD919F0D7AF}"
EndProject
Project("{9A19103F-16F7-4668-BE54-9A1E7A4F7556}") = "MvcExampleML.ConsoleApp", "MvcExampleML.ConsoleApp\MvcExampleML.ConsoleApp.csproj", "{927A7221-6666-45BD-A2FB-1F3B5FE36669}"
EndProject
Global
	GlobalSection(SolutionConfigurationPlatforms) = preSolution
		Debug|Any CPU = Debug|Any CPU
		Release|Any CPU = Release|Any CPU
	EndGlobalSection
	GlobalSection(ProjectConfigurationPlatforms) = postSolution
		{8E80BBD1-C59E-417A-A9EA-BF615003187B}.Debug|Any CPU.ActiveCfg = Debug|Any CPU
		{8E80BBD1-C59E-417A-A9EA-BF615003187B}.Debug|Any CPU.Build.0 = Debug|Any CPU
		{8E80BBD1-C59E-417A-A9EA-BF615003187B}.Release|Any CPU.ActiveCfg = Release|Any CPU
		{8E80BBD1-C59E-417A-A9EA-BF615003187B}.Release|Any CPU.Build.0 = Release|Any CPU
		{0491F06B-A138-45F1-8914-DAD919F0D7AF}.Debug|Any CPU.ActiveCfg = Debug|Any CPU
		{0491F06B-A138-45F1-8914-DAD919F0D7AF}.Debug|Any CPU.Build.0 = Debug|Any CPU
		{0491F06B-A138-45F1-8914-DAD919F0D7AF}.Release|Any CPU.ActiveCfg = Release|Any CPU
		{0491F06B-A138-45F1-8914-DAD919F0D7AF}.Release|Any CPU.Build.0 = Release|Any CPU
		{927A7221-6666-45BD-A2FB-1F3B5FE36669}.Debug|Any CPU.ActiveCfg = Debug|Any CPU
		{927A7221-6666-45BD-A2FB-1F3B5FE36669}.Debug|Any CPU.Build.0 = Debug|Any CPU
		{927A7221-6666-45BD-A2FB-1F3B5FE36669}.Release|Any CPU.ActiveCfg = Release|Any CPU
		{927A7221-6666-45BD-A2FB-1F3B5FE36669}.Release|Any CPU.Build.0 = Release|Any CPU
	EndGlobalSection
	GlobalSection(SolutionProperties) = preSolution
		HideSolutionNode = FALSE
	EndGlobalSection
	GlobalSection(ExtensibilityGlobals) = postSolution
		SolutionGuid = {B45AB1A7-2645-4A60-A420-27395BBCC113}
	EndGlobalSection
EndGlobal
